{
  "object": {
    "pins": [
      {
        "package": "SwiftySound",
        "repositoryURL": "https://github.com/adamcichy/SwiftySound.git",
        "state": {
          "branch": null,
          "revision": "ae69bc63b12a431e75963381ef8f926c4c8b7993",
          "version": "1.2.0"
        }
      }
    ]
  },
  "version": 1
}
